
Microsoft Visual Studio Solution File, Format Version 12.00
# Visual Studio Version 17
VisualStudioVersion = 17.5.33502.453
MinimumVisualStudioVersion = 10.0.40219.1
Project("{8BC9CEB8-8B4A-11D0-8D11-00A0C91BC942}") = "StatAddict-for-Telegram", "StatAddict-for-Telegram.vcxproj", "{82D90C30-F571-4DB8-9C67-B1823CBA0600}"
EndProject
Global
	GlobalSection(SolutionConfigurationPlatforms) = preSolution
		Debug|x64 = Debug|x64
		Debug|x86 = Debug|x86
		Release|x64 = Release|x64
		Release|x86 = Release|x86
	EndGlobalSection
	GlobalSection(ProjectConfigurationPlatforms) = postSolution
		{82D90C30-F571-4DB8-9C67-B1823CBA0600}.Debug|x64.ActiveCfg = Debug|x64
		{82D90C30-F571-4DB8-9C67-B1823CBA0600}.Debug|x64.Build.0 = Debug|x64
		{82D90C30-F571-4DB8-9C67-B1823CBA0600}.Debug|x86.ActiveCfg = Debug|Win32
		{82D90C30-F571-4DB8-9C67-B1823CBA0600}.Debug|x86.Build.0 = Debug|Win32
		{82D90C30-F571-4DB8-9C67-B1823CBA0600}.Release|x64.ActiveCfg = Release|x64
		{82D90C30-F571-4DB8-9C67-B1823CBA0600}.Release|x64.Build.0 = Release|x64
		{82D90C30-F571-4DB8-9C67-B1823CBA0600}.Release|x86.ActiveCfg = Release|Win32
		{82D90C30-F571-4DB8-9C67-B1823CBA0600}.Release|x86.Build.0 = Release|Win32
	EndGlobalSection
	GlobalSection(SolutionProperties) = preSolution
		HideSolutionNode = FALSE
	EndGlobalSection
	GlobalSection(ExtensibilityGlobals) = postSolution
		SolutionGuid = {C5CC7A7A-9296-44EC-8C24-AE3A4597C058}
	EndGlobalSection
EndGlobal
